
Microsoft Visual Studio Solution File, Format Version 12.00
# Visual Studio Version 17
VisualStudioVersion = 17.0.31903.59
MinimumVisualStudioVersion = 10.0.40219.1
Project("{9A19103F-16F7-4668-BE54-9A1E7A4F7556}") = "Catalog.API", "Services\Catalog\Catalog.API\Catalog.API.csproj", "{D8D20D8C-7A68-42E2-9EEA-86931F31E37E}"
EndProject
Project("{2150E333-8FDC-42A3-9474-1A3956D46DE8}") = "Services", "Services", "{AB6FF9D8-A721-466D-8219-939F8856A6B0}"
EndProject
Project("{2150E333-8FDC-42A3-9474-1A3956D46DE8}") = "Catalog", "Catalog", "{D27D8B0E-DC71-4AE1-92E7-5E220D68D1D6}"
EndProject
Project("{9A19103F-16F7-4668-BE54-9A1E7A4F7556}") = "Catalog.API.UnitTests", "Services\Catalog\Catalog.API.UnitTests\Catalog.API.UnitTests.csproj", "{D0145F13-0646-4FDE-8233-C13FA7063572}"
EndProject
Project("{9A19103F-16F7-4668-BE54-9A1E7A4F7556}") = "Catalog.API.IntegrationTests", "Services\Catalog\Catalog.API.IntegrationTests\Catalog.API.IntegrationTests.csproj", "{07DADE6C-FC55-4EA8-A155-E8E03326FF96}"
EndProject
Project("{E53339B2-1760-4266-BCC7-CA923CBCF16C}") = "docker-compose", "docker-compose.dcproj", "{2DE8745E-C36B-44DE-8621-C06827D4FD80}"
EndProject
Project("{2150E333-8FDC-42A3-9474-1A3956D46DE8}") = "Basket", "Basket", "{B247BD01-935C-45EC-A90C-F2EB1D4F601E}"
EndProject
Project("{9A19103F-16F7-4668-BE54-9A1E7A4F7556}") = "Basket.API", "Services\Basket\Basket.API\Basket.API.csproj", "{EB15A8C1-74CC-4A54-9B0E-F27942F20461}"
EndProject
Project("{2150E333-8FDC-42A3-9474-1A3956D46DE8}") = "Solution Items", "Solution Items", "{1ABE39E6-AD67-4E51-BFC1-6A95A74B7354}"
	ProjectSection(SolutionItems) = preProject
		.editorconfig = .editorconfig
		Microservices.Net.postman_collection.json = Microservices.Net.postman_collection.json
	EndProjectSection
EndProject
Project("{2150E333-8FDC-42A3-9474-1A3956D46DE8}") = "Discount", "Discount", "{01D7A01A-0B5F-4F90-9AB1-29C6CF737AB1}"
EndProject
Project("{9A19103F-16F7-4668-BE54-9A1E7A4F7556}") = "Discount.API", "Services\Discount\Discount.API\Discount.API.csproj", "{9A7A3177-6D30-4469-961E-F0C5C4263A15}"
EndProject
Project("{9A19103F-16F7-4668-BE54-9A1E7A4F7556}") = "Discount.Grpc", "Services\Discount\Discount.Grpc\Discount.Grpc.csproj", "{26CB6AA7-6E03-4DA0-B905-36FB9BE3D8AF}"
EndProject
Project("{2150E333-8FDC-42A3-9474-1A3956D46DE8}") = "Ordering", "Ordering", "{7C1BD6A2-28D3-42D2-92D4-24783E3DDAC6}"
EndProject
Project("{9A19103F-16F7-4668-BE54-9A1E7A4F7556}") = "Ordering.API", "Services\Ordering\Ordering.API\Ordering.API.csproj", "{E9F8C33F-FF5E-4DE8-A0D0-B6688ABE116E}"
EndProject
Project("{9A19103F-16F7-4668-BE54-9A1E7A4F7556}") = "Ordering.Domain", "Services\Ordering\Ordering.Domain\Ordering.Domain.csproj", "{7D588A89-E0E9-4DC4-A240-2B7178116F84}"
EndProject
Project("{9A19103F-16F7-4668-BE54-9A1E7A4F7556}") = "Ordering.Application", "Services\Ordering\Ordering.Application\Ordering.Application.csproj", "{AE7E316A-3CD9-46AE-AA85-ED9929E4A555}"
EndProject
Project("{9A19103F-16F7-4668-BE54-9A1E7A4F7556}") = "Ordering.Infrastructure", "Services\Ordering\Ordering.Infrastructure\Ordering.Infrastructure.csproj", "{F9BDEB1B-95F8-4590-BAFB-0ECBCFE4B31F}"
EndProject
Project("{2150E333-8FDC-42A3-9474-1A3956D46DE8}") = "BuildingBlocks", "BuildingBlocks", "{61B5EFA5-71A1-43BD-A71B-087F8038AF3D}"
EndProject
Project("{9A19103F-16F7-4668-BE54-9A1E7A4F7556}") = "EventBus.Messages", "BuildingBlocks\EventBus.Messages\EventBus.Messages.csproj", "{C23A7EEE-7420-4C7A-B7E0-715B0C13E2F6}"
EndProject
Project("{2150E333-8FDC-42A3-9474-1A3956D46DE8}") = "ApiGateways", "ApiGateways", "{0D476DF8-E22F-4AFE-84E2-52F36FA988FD}"
EndProject
Project("{9A19103F-16F7-4668-BE54-9A1E7A4F7556}") = "OcelotApiGw", "ApiGateway\OcelotApiGw\OcelotApiGw.csproj", "{7C6D00A7-8C66-45DE-8425-C7B2E92904B6}"
EndProject
Project("{9A19103F-16F7-4668-BE54-9A1E7A4F7556}") = "Shopping.Aggregator", "ApiGateway\Shopping.Aggregator\Shopping.Aggregator.csproj", "{AD07B3FC-F0CB-444F-8270-F47FA46B24B1}"
EndProject
Project("{2150E333-8FDC-42A3-9474-1A3956D46DE8}") = "IdentityServer", "IdentityServer", "{E373331A-082D-4B69-A0BD-4C90B70AA975}"
EndProject
Project("{9A19103F-16F7-4668-BE54-9A1E7A4F7556}") = "IdentityServer", "IdentityServer\IdentityServer\IdentityServer.csproj", "{C3C71DF8-E1E2-436E-A7A0-D70EA461379D}"
EndProject
Project("{2150E333-8FDC-42A3-9474-1A3956D46DE8}") = "WebApps", "WebApps", "{F2E513F4-1A3B-4A7E-879A-DE4FC9FF5004}"
EndProject
Project("{9A19103F-16F7-4668-BE54-9A1E7A4F7556}") = "AspnetRunBasics", "WebApps\AspnetRunBasics\AspnetRunBasics.csproj", "{3720905F-4014-4839-9C27-1F085D770327}"
EndProject
Global
	GlobalSection(SolutionConfigurationPlatforms) = preSolution
		Debug|Any CPU = Debug|Any CPU
		Release|Any CPU = Release|Any CPU
	EndGlobalSection
	GlobalSection(ProjectConfigurationPlatforms) = postSolution
		{D8D20D8C-7A68-42E2-9EEA-86931F31E37E}.Debug|Any CPU.ActiveCfg = Debug|Any CPU
		{D8D20D8C-7A68-42E2-9EEA-86931F31E37E}.Debug|Any CPU.Build.0 = Debug|Any CPU
		{D8D20D8C-7A68-42E2-9EEA-86931F31E37E}.Release|Any CPU.ActiveCfg = Release|Any CPU
		{D8D20D8C-7A68-42E2-9EEA-86931F31E37E}.Release|Any CPU.Build.0 = Release|Any CPU
		{D0145F13-0646-4FDE-8233-C13FA7063572}.Debug|Any CPU.ActiveCfg = Debug|Any CPU
		{D0145F13-0646-4FDE-8233-C13FA7063572}.Debug|Any CPU.Build.0 = Debug|Any CPU
		{D0145F13-0646-4FDE-8233-C13FA7063572}.Release|Any CPU.ActiveCfg = Release|Any CPU
		{D0145F13-0646-4FDE-8233-C13FA7063572}.Release|Any CPU.Build.0 = Release|Any CPU
		{07DADE6C-FC55-4EA8-A155-E8E03326FF96}.Debug|Any CPU.ActiveCfg = Debug|Any CPU
		{07DADE6C-FC55-4EA8-A155-E8E03326FF96}.Debug|Any CPU.Build.0 = Debug|Any CPU
		{07DADE6C-FC55-4EA8-A155-E8E03326FF96}.Release|Any CPU.ActiveCfg = Release|Any CPU
		{07DADE6C-FC55-4EA8-A155-E8E03326FF96}.Release|Any CPU.Build.0 = Release|Any CPU
		{2DE8745E-C36B-44DE-8621-C06827D4FD80}.Debug|Any CPU.ActiveCfg = Debug|Any CPU
		{2DE8745E-C36B-44DE-8621-C06827D4FD80}.Debug|Any CPU.Build.0 = Debug|Any CPU
		{2DE8745E-C36B-44DE-8621-C06827D4FD80}.Release|Any CPU.ActiveCfg = Release|Any CPU
		{2DE8745E-C36B-44DE-8621-C06827D4FD80}.Release|Any CPU.Build.0 = Release|Any CPU
		{EB15A8C1-74CC-4A54-9B0E-F27942F20461}.Debug|Any CPU.ActiveCfg = Debug|Any CPU
		{EB15A8C1-74CC-4A54-9B0E-F27942F20461}.Debug|Any CPU.Build.0 = Debug|Any CPU
		{EB15A8C1-74CC-4A54-9B0E-F27942F20461}.Release|Any CPU.ActiveCfg = Release|Any CPU
		{EB15A8C1-74CC-4A54-9B0E-F27942F20461}.Release|Any CPU.Build.0 = Release|Any CPU
		{9A7A3177-6D30-4469-961E-F0C5C4263A15}.Debug|Any CPU.ActiveCfg = Debug|Any CPU
		{9A7A3177-6D30-4469-961E-F0C5C4263A15}.Debug|Any CPU.Build.0 = Debug|Any CPU
		{9A7A3177-6D30-4469-961E-F0C5C4263A15}.Release|Any CPU.ActiveCfg = Release|Any CPU
		{9A7A3177-6D30-4469-961E-F0C5C4263A15}.Release|Any CPU.Build.0 = Release|Any CPU
		{26CB6AA7-6E03-4DA0-B905-36FB9BE3D8AF}.Debug|Any CPU.ActiveCfg = Debug|Any CPU
		{26CB6AA7-6E03-4DA0-B905-36FB9BE3D8AF}.Debug|Any CPU.Build.0 = Debug|Any CPU
		{26CB6AA7-6E03-4DA0-B905-36FB9BE3D8AF}.Release|Any CPU.ActiveCfg = Release|Any CPU
		{26CB6AA7-6E03-4DA0-B905-36FB9BE3D8AF}.Release|Any CPU.Build.0 = Release|Any CPU
		{E9F8C33F-FF5E-4DE8-A0D0-B6688ABE116E}.Debug|Any CPU.ActiveCfg = Debug|Any CPU
		{E9F8C33F-FF5E-4DE8-A0D0-B6688ABE116E}.Debug|Any CPU.Build.0 = Debug|Any CPU
		{E9F8C33F-FF5E-4DE8-A0D0-B6688ABE116E}.Release|Any CPU.ActiveCfg = Release|Any CPU
		{E9F8C33F-FF5E-4DE8-A0D0-B6688ABE116E}.Release|Any CPU.Build.0 = Release|Any CPU
		{7D588A89-E0E9-4DC4-A240-2B7178116F84}.Debug|Any CPU.ActiveCfg = Debug|Any CPU
		{7D588A89-E0E9-4DC4-A240-2B7178116F84}.Debug|Any CPU.Build.0 = Debug|Any CPU
		{7D588A89-E0E9-4DC4-A240-2B7178116F84}.Release|Any CPU.ActiveCfg = Release|Any CPU
		{7D588A89-E0E9-4DC4-A240-2B7178116F84}.Release|Any CPU.Build.0 = Release|Any CPU
		{AE7E316A-3CD9-46AE-AA85-ED9929E4A555}.Debug|Any CPU.ActiveCfg = Debug|Any CPU
		{AE7E316A-3CD9-46AE-AA85-ED9929E4A555}.Debug|Any CPU.Build.0 = Debug|Any CPU
		{AE7E316A-3CD9-46AE-AA85-ED9929E4A555}.Release|Any CPU.ActiveCfg = Release|Any CPU
		{AE7E316A-3CD9-46AE-AA85-ED9929E4A555}.Release|Any CPU.Build.0 = Release|Any CPU
		{F9BDEB1B-95F8-4590-BAFB-0ECBCFE4B31F}.Debug|Any CPU.ActiveCfg = Debug|Any CPU
		{F9BDEB1B-95F8-4590-BAFB-0ECBCFE4B31F}.Debug|Any CPU.Build.0 = Debug|Any CPU
		{F9BDEB1B-95F8-4590-BAFB-0ECBCFE4B31F}.Release|Any CPU.ActiveCfg = Release|Any CPU
		{F9BDEB1B-95F8-4590-BAFB-0ECBCFE4B31F}.Release|Any CPU.Build.0 = Release|Any CPU
		{C23A7EEE-7420-4C7A-B7E0-715B0C13E2F6}.Debug|Any CPU.ActiveCfg = Debug|Any CPU
		{C23A7EEE-7420-4C7A-B7E0-715B0C13E2F6}.Debug|Any CPU.Build.0 = Debug|Any CPU
		{C23A7EEE-7420-4C7A-B7E0-715B0C13E2F6}.Release|Any CPU.ActiveCfg = Release|Any CPU
		{C23A7EEE-7420-4C7A-B7E0-715B0C13E2F6}.Release|Any CPU.Build.0 = Release|Any CPU
		{7C6D00A7-8C66-45DE-8425-C7B2E92904B6}.Debug|Any CPU.ActiveCfg = Debug|Any CPU
		{7C6D00A7-8C66-45DE-8425-C7B2E92904B6}.Debug|Any CPU.Build.0 = Debug|Any CPU
		{7C6D00A7-8C66-45DE-8425-C7B2E92904B6}.Release|Any CPU.ActiveCfg = Release|Any CPU
		{7C6D00A7-8C66-45DE-8425-C7B2E92904B6}.Release|Any CPU.Build.0 = Release|Any CPU
		{AD07B3FC-F0CB-444F-8270-F47FA46B24B1}.Debug|Any CPU.ActiveCfg = Debug|Any CPU
		{AD07B3FC-F0CB-444F-8270-F47FA46B24B1}.Debug|Any CPU.Build.0 = Debug|Any CPU
		{AD07B3FC-F0CB-444F-8270-F47FA46B24B1}.Release|Any CPU.ActiveCfg = Release|Any CPU
		{AD07B3FC-F0CB-444F-8270-F47FA46B24B1}.Release|Any CPU.Build.0 = Release|Any CPU
		{C3C71DF8-E1E2-436E-A7A0-D70EA461379D}.Debug|Any CPU.ActiveCfg = Debug|Any CPU
		{C3C71DF8-E1E2-436E-A7A0-D70EA461379D}.Debug|Any CPU.Build.0 = Debug|Any CPU
		{C3C71DF8-E1E2-436E-A7A0-D70EA461379D}.Release|Any CPU.ActiveCfg = Release|Any CPU
		{C3C71DF8-E1E2-436E-A7A0-D70EA461379D}.Release|Any CPU.Build.0 = Release|Any CPU
		{3720905F-4014-4839-9C27-1F085D770327}.Debug|Any CPU.ActiveCfg = Debug|Any CPU
		{3720905F-4014-4839-9C27-1F085D770327}.Debug|Any CPU.Build.0 = Debug|Any CPU
		{3720905F-4014-4839-9C27-1F085D770327}.Release|Any CPU.ActiveCfg = Release|Any CPU
		{3720905F-4014-4839-9C27-1F085D770327}.Release|Any CPU.Build.0 = Release|Any CPU
	EndGlobalSection
	GlobalSection(SolutionProperties) = preSolution
		HideSolutionNode = FALSE
	EndGlobalSection
	GlobalSection(NestedProjects) = preSolution
		{D8D20D8C-7A68-42E2-9EEA-86931F31E37E} = {D27D8B0E-DC71-4AE1-92E7-5E220D68D1D6}
		{D27D8B0E-DC71-4AE1-92E7-5E220D68D1D6} = {AB6FF9D8-A721-466D-8219-939F8856A6B0}
		{D0145F13-0646-4FDE-8233-C13FA7063572} = {D27D8B0E-DC71-4AE1-92E7-5E220D68D1D6}
		{07DADE6C-FC55-4EA8-A155-E8E03326FF96} = {D27D8B0E-DC71-4AE1-92E7-5E220D68D1D6}
		{B247BD01-935C-45EC-A90C-F2EB1D4F601E} = {AB6FF9D8-A721-466D-8219-939F8856A6B0}
		{EB15A8C1-74CC-4A54-9B0E-F27942F20461} = {B247BD01-935C-45EC-A90C-F2EB1D4F601E}
		{01D7A01A-0B5F-4F90-9AB1-29C6CF737AB1} = {AB6FF9D8-A721-466D-8219-939F8856A6B0}
		{9A7A3177-6D30-4469-961E-F0C5C4263A15} = {01D7A01A-0B5F-4F90-9AB1-29C6CF737AB1}
		{26CB6AA7-6E03-4DA0-B905-36FB9BE3D8AF} = {01D7A01A-0B5F-4F90-9AB1-29C6CF737AB1}
		{7C1BD6A2-28D3-42D2-92D4-24783E3DDAC6} = {AB6FF9D8-A721-466D-8219-939F8856A6B0}
		{E9F8C33F-FF5E-4DE8-A0D0-B6688ABE116E} = {7C1BD6A2-28D3-42D2-92D4-24783E3DDAC6}
		{7D588A89-E0E9-4DC4-A240-2B7178116F84} = {7C1BD6A2-28D3-42D2-92D4-24783E3DDAC6}
		{AE7E316A-3CD9-46AE-AA85-ED9929E4A555} = {7C1BD6A2-28D3-42D2-92D4-24783E3DDAC6}
		{F9BDEB1B-95F8-4590-BAFB-0ECBCFE4B31F} = {7C1BD6A2-28D3-42D2-92D4-24783E3DDAC6}
		{C23A7EEE-7420-4C7A-B7E0-715B0C13E2F6} = {61B5EFA5-71A1-43BD-A71B-087F8038AF3D}
		{7C6D00A7-8C66-45DE-8425-C7B2E92904B6} = {0D476DF8-E22F-4AFE-84E2-52F36FA988FD}
		{AD07B3FC-F0CB-444F-8270-F47FA46B24B1} = {0D476DF8-E22F-4AFE-84E2-52F36FA988FD}
		{C3C71DF8-E1E2-436E-A7A0-D70EA461379D} = {E373331A-082D-4B69-A0BD-4C90B70AA975}
		{3720905F-4014-4839-9C27-1F085D770327} = {F2E513F4-1A3B-4A7E-879A-DE4FC9FF5004}
	EndGlobalSection
	GlobalSection(ExtensibilityGlobals) = postSolution
		SolutionGuid = {3A1F5ABB-F580-4445-BB9F-BE3483FA552A}
	EndGlobalSection
EndGlobal
