
Microsoft Visual Studio Solution File, Format Version 12.00
# Visual Studio Version 17
VisualStudioVersion = 17.0.31903.59
MinimumVisualStudioVersion = 10.0.40219.1
Project("{9A19103F-16F7-4668-BE54-9A1E7A4F7556}") = "Catalog.API", "Services\Catalog\Catalog.API\Catalog.API.csproj", "{D8D20D8C-7A68-42E2-9EEA-86931F31E37E}"
EndProject
Project("{2150E333-8FDC-42A3-9474-1A3956D46DE8}") = "Services", "Services", "{AB6FF9D8-A721-466D-8219-939F8856A6B0}"
EndProject
Project("{2150E333-8FDC-42A3-9474-1A3956D46DE8}") = "Catalog", "Catalog", "{D27D8B0E-DC71-4AE1-92E7-5E220D68D1D6}"
EndProject
Project("{9A19103F-16F7-4668-BE54-9A1E7A4F7556}") = "Catalog.API.UnitTests", "Services\Catalog\Catalog.API.UnitTests\Catalog.API.UnitTests.csproj", "{D0145F13-0646-4FDE-8233-C13FA7063572}"
EndProject
Project("{9A19103F-16F7-4668-BE54-9A1E7A4F7556}") = "Catalog.API.IntegrationTests", "Services\Catalog\Catalog.API.IntegrationTests\Catalog.API.IntegrationTests.csproj", "{07DADE6C-FC55-4EA8-A155-E8E03326FF96}"
EndProject
Project("{E53339B2-1760-4266-BCC7-CA923CBCF16C}") = "docker-compose", "docker-compose.dcproj", "{2DE8745E-C36B-44DE-8621-C06827D4FD80}"
EndProject
Project("{2150E333-8FDC-42A3-9474-1A3956D46DE8}") = "Basket", "Basket", "{B247BD01-935C-45EC-A90C-F2EB1D4F601E}"
EndProject
Project("{9A19103F-16F7-4668-BE54-9A1E7A4F7556}") = "Basket.API", "Services\Basket\Basket.API\Basket.API.csproj", "{EB15A8C1-74CC-4A54-9B0E-F27942F20461}"
EndProject
Project("{2150E333-8FDC-42A3-9474-1A3956D46DE8}") = "Solution Items", "Solution Items", "{1ABE39E6-AD67-4E51-BFC1-6A95A74B7354}"
	ProjectSection(SolutionItems) = preProject
		Microservices.Net.postman_collection.json = Microservices.Net.postman_collection.json
	EndProjectSection
EndProject
Global
	GlobalSection(SolutionConfigurationPlatforms) = preSolution
		Debug|Any CPU = Debug|Any CPU
		Release|Any CPU = Release|Any CPU
	EndGlobalSection
	GlobalSection(ProjectConfigurationPlatforms) = postSolution
		{D8D20D8C-7A68-42E2-9EEA-86931F31E37E}.Debug|Any CPU.ActiveCfg = Debug|Any CPU
		{D8D20D8C-7A68-42E2-9EEA-86931F31E37E}.Debug|Any CPU.Build.0 = Debug|Any CPU
		{D8D20D8C-7A68-42E2-9EEA-86931F31E37E}.Release|Any CPU.ActiveCfg = Release|Any CPU
		{D8D20D8C-7A68-42E2-9EEA-86931F31E37E}.Release|Any CPU.Build.0 = Release|Any CPU
		{D0145F13-0646-4FDE-8233-C13FA7063572}.Debug|Any CPU.ActiveCfg = Debug|Any CPU
		{D0145F13-0646-4FDE-8233-C13FA7063572}.Debug|Any CPU.Build.0 = Debug|Any CPU
		{D0145F13-0646-4FDE-8233-C13FA7063572}.Release|Any CPU.ActiveCfg = Release|Any CPU
		{D0145F13-0646-4FDE-8233-C13FA7063572}.Release|Any CPU.Build.0 = Release|Any CPU
		{07DADE6C-FC55-4EA8-A155-E8E03326FF96}.Debug|Any CPU.ActiveCfg = Debug|Any CPU
		{07DADE6C-FC55-4EA8-A155-E8E03326FF96}.Debug|Any CPU.Build.0 = Debug|Any CPU
		{07DADE6C-FC55-4EA8-A155-E8E03326FF96}.Release|Any CPU.ActiveCfg = Release|Any CPU
		{07DADE6C-FC55-4EA8-A155-E8E03326FF96}.Release|Any CPU.Build.0 = Release|Any CPU
		{2DE8745E-C36B-44DE-8621-C06827D4FD80}.Debug|Any CPU.ActiveCfg = Debug|Any CPU
		{2DE8745E-C36B-44DE-8621-C06827D4FD80}.Debug|Any CPU.Build.0 = Debug|Any CPU
		{2DE8745E-C36B-44DE-8621-C06827D4FD80}.Release|Any CPU.ActiveCfg = Release|Any CPU
		{2DE8745E-C36B-44DE-8621-C06827D4FD80}.Release|Any CPU.Build.0 = Release|Any CPU
		{EB15A8C1-74CC-4A54-9B0E-F27942F20461}.Debug|Any CPU.ActiveCfg = Debug|Any CPU
		{EB15A8C1-74CC-4A54-9B0E-F27942F20461}.Debug|Any CPU.Build.0 = Debug|Any CPU
		{EB15A8C1-74CC-4A54-9B0E-F27942F20461}.Release|Any CPU.ActiveCfg = Release|Any CPU
		{EB15A8C1-74CC-4A54-9B0E-F27942F20461}.Release|Any CPU.Build.0 = Release|Any CPU
	EndGlobalSection
	GlobalSection(SolutionProperties) = preSolution
		HideSolutionNode = FALSE
	EndGlobalSection
	GlobalSection(NestedProjects) = preSolution
		{D8D20D8C-7A68-42E2-9EEA-86931F31E37E} = {D27D8B0E-DC71-4AE1-92E7-5E220D68D1D6}
		{D27D8B0E-DC71-4AE1-92E7-5E220D68D1D6} = {AB6FF9D8-A721-466D-8219-939F8856A6B0}
		{D0145F13-0646-4FDE-8233-C13FA7063572} = {D27D8B0E-DC71-4AE1-92E7-5E220D68D1D6}
		{07DADE6C-FC55-4EA8-A155-E8E03326FF96} = {D27D8B0E-DC71-4AE1-92E7-5E220D68D1D6}
		{B247BD01-935C-45EC-A90C-F2EB1D4F601E} = {AB6FF9D8-A721-466D-8219-939F8856A6B0}
		{EB15A8C1-74CC-4A54-9B0E-F27942F20461} = {B247BD01-935C-45EC-A90C-F2EB1D4F601E}
	EndGlobalSection
	GlobalSection(ExtensibilityGlobals) = postSolution
		SolutionGuid = {3A1F5ABB-F580-4445-BB9F-BE3483FA552A}
	EndGlobalSection
EndGlobal
